// !$*UTF8*$!
{
	archiveVersion = 1;
	classes = {
	};
	objectVersion = 55;
	objects = {

/* Begin PBXBuildFile section */
		695F76D326C31411001DD628 /* TilingDAG.hpp in Headers */ = {isa = PBXBuildFile; fileRef = 695F76D226C31411001DD628 /* TilingDAG.hpp */; };
		695F76D726C31411001DD628 /* TilingDAG.cpp in Sources */ = {isa = PBXBuildFile; fileRef = 695F76D626C31411001DD628 /* TilingDAG.cpp */; };
		6966E35B26DBD873000DB061 /* SparseTilingDAG.cpp in Sources */ = {isa = PBXBuildFile; fileRef = 6966E35926DBD873000DB061 /* SparseTilingDAG.cpp */; };
		6966E35C26DBD873000DB061 /* SparseTilingDAG.cpp in Sources */ = {isa = PBXBuildFile; fileRef = 6966E35926DBD873000DB061 /* SparseTilingDAG.cpp */; };
		6966E35D26DBD873000DB061 /* SparseTilingDAG.hpp in Headers */ = {isa = PBXBuildFile; fileRef = 6966E35A26DBD873000DB061 /* SparseTilingDAG.hpp */; };
		6966E36026DD3756000DB061 /* Tiler.cpp in Sources */ = {isa = PBXBuildFile; fileRef = 6966E35E26DD3756000DB061 /* Tiler.cpp */; };
		6966E36126DD3756000DB061 /* Tiler.cpp in Sources */ = {isa = PBXBuildFile; fileRef = 6966E35E26DD3756000DB061 /* Tiler.cpp */; };
		6966E36226DD3756000DB061 /* Tiler.hpp in Headers */ = {isa = PBXBuildFile; fileRef = 6966E35F26DD3756000DB061 /* Tiler.hpp */; };
		69C3163A26C31A7D005253BF /* main.cpp in Sources */ = {isa = PBXBuildFile; fileRef = 69C3163926C31A7D005253BF /* main.cpp */; };
		69C3163E26C31B05005253BF /* TilingDAG.cpp in Sources */ = {isa = PBXBuildFile; fileRef = 695F76D626C31411001DD628 /* TilingDAG.cpp */; };
		69C3164126C329CE005253BF /* WolframLanguageAPI.cpp in Sources */ = {isa = PBXBuildFile; fileRef = 69C3163F26C329CE005253BF /* WolframLanguageAPI.cpp */; };
		69C3164226C329CE005253BF /* WolframLanguageAPI.hpp in Headers */ = {isa = PBXBuildFile; fileRef = 69C3164026C329CE005253BF /* WolframLanguageAPI.hpp */; };
/* End PBXBuildFile section */

/* Begin PBXCopyFilesBuildPhase section */
		69C3163526C31A7D005253BF /* CopyFiles */ = {
			isa = PBXCopyFilesBuildPhase;
			buildActionMask = 2147483647;
			dstPath = /usr/share/man/man1/;
			dstSubfolderSpec = 0;
			files = (
			);
			runOnlyForDeploymentPostprocessing = 1;
		};
/* End PBXCopyFilesBuildPhase section */

/* Begin PBXFileReference section */
		695F76CF26C31411001DD628 /* libTilingDAG.dylib */ = {isa = PBXFileReference; explicitFileType = "compiled.mach-o.dylib"; includeInIndex = 0; path = libTilingDAG.dylib; sourceTree = BUILT_PRODUCTS_DIR; };
		695F76D226C31411001DD628 /* TilingDAG.hpp */ = {isa = PBXFileReference; lastKnownFileType = sourcecode.cpp.h; path = TilingDAG.hpp; sourceTree = "<group>"; };
		695F76D626C31411001DD628 /* TilingDAG.cpp */ = {isa = PBXFileReference; lastKnownFileType = sourcecode.cpp.cpp; path = TilingDAG.cpp; sourceTree = "<group>"; };
		6966E35926DBD873000DB061 /* SparseTilingDAG.cpp */ = {isa = PBXFileReference; lastKnownFileType = sourcecode.cpp.cpp; path = SparseTilingDAG.cpp; sourceTree = "<group>"; };
		6966E35A26DBD873000DB061 /* SparseTilingDAG.hpp */ = {isa = PBXFileReference; lastKnownFileType = sourcecode.cpp.h; path = SparseTilingDAG.hpp; sourceTree = "<group>"; };
		6966E35E26DD3756000DB061 /* Tiler.cpp */ = {isa = PBXFileReference; lastKnownFileType = sourcecode.cpp.cpp; path = Tiler.cpp; sourceTree = "<group>"; };
		6966E35F26DD3756000DB061 /* Tiler.hpp */ = {isa = PBXFileReference; lastKnownFileType = sourcecode.cpp.h; path = Tiler.hpp; sourceTree = "<group>"; };
		69C3163726C31A7D005253BF /* test */ = {isa = PBXFileReference; explicitFileType = "compiled.mach-o.executable"; includeInIndex = 0; path = test; sourceTree = BUILT_PRODUCTS_DIR; };
		69C3163926C31A7D005253BF /* main.cpp */ = {isa = PBXFileReference; lastKnownFileType = sourcecode.cpp.cpp; path = main.cpp; sourceTree = "<group>"; };
		69C3163F26C329CE005253BF /* WolframLanguageAPI.cpp */ = {isa = PBXFileReference; lastKnownFileType = sourcecode.cpp.cpp; path = WolframLanguageAPI.cpp; sourceTree = "<group>"; };
		69C3164026C329CE005253BF /* WolframLanguageAPI.hpp */ = {isa = PBXFileReference; lastKnownFileType = sourcecode.cpp.h; path = WolframLanguageAPI.hpp; sourceTree = "<group>"; };
/* End PBXFileReference section */

/* Begin PBXFrameworksBuildPhase section */
		695F76CD26C31411001DD628 /* Frameworks */ = {
			isa = PBXFrameworksBuildPhase;
			buildActionMask = 2147483647;
			files = (
			);
			runOnlyForDeploymentPostprocessing = 0;
		};
		69C3163426C31A7D005253BF /* Frameworks */ = {
			isa = PBXFrameworksBuildPhase;
			buildActionMask = 2147483647;
			files = (
			);
			runOnlyForDeploymentPostprocessing = 0;
		};
/* End PBXFrameworksBuildPhase section */

/* Begin PBXGroup section */
		695F76C626C31411001DD628 = {
			isa = PBXGroup;
			children = (
				695F76D126C31411001DD628 /* TilingDAG */,
				69C3163826C31A7D005253BF /* test */,
				695F76D026C31411001DD628 /* Products */,
			);
			sourceTree = "<group>";
		};
		695F76D026C31411001DD628 /* Products */ = {
			isa = PBXGroup;
			children = (
				695F76CF26C31411001DD628 /* libTilingDAG.dylib */,
				69C3163726C31A7D005253BF /* test */,
			);
			name = Products;
			sourceTree = "<group>";
		};
		695F76D126C31411001DD628 /* TilingDAG */ = {
			isa = PBXGroup;
			children = (
				6966E35F26DD3756000DB061 /* Tiler.hpp */,
				6966E35E26DD3756000DB061 /* Tiler.cpp */,
				695F76D226C31411001DD628 /* TilingDAG.hpp */,
				695F76D626C31411001DD628 /* TilingDAG.cpp */,
				6966E35A26DBD873000DB061 /* SparseTilingDAG.hpp */,
				6966E35926DBD873000DB061 /* SparseTilingDAG.cpp */,
				69C3163F26C329CE005253BF /* WolframLanguageAPI.cpp */,
				69C3164026C329CE005253BF /* WolframLanguageAPI.hpp */,
			);
			path = TilingDAG;
			sourceTree = "<group>";
		};
		69C3163826C31A7D005253BF /* test */ = {
			isa = PBXGroup;
			children = (
				69C3163926C31A7D005253BF /* main.cpp */,
			);
			path = test;
			sourceTree = "<group>";
		};
/* End PBXGroup section */

/* Begin PBXHeadersBuildPhase section */
		695F76CB26C31411001DD628 /* Headers */ = {
			isa = PBXHeadersBuildPhase;
			buildActionMask = 2147483647;
			files = (
				6966E35D26DBD873000DB061 /* SparseTilingDAG.hpp in Headers */,
				69C3164226C329CE005253BF /* WolframLanguageAPI.hpp in Headers */,
				695F76D326C31411001DD628 /* TilingDAG.hpp in Headers */,
				6966E36226DD3756000DB061 /* Tiler.hpp in Headers */,
			);
			runOnlyForDeploymentPostprocessing = 0;
		};
/* End PBXHeadersBuildPhase section */

/* Begin PBXNativeTarget section */
		695F76CE26C31411001DD628 /* TilingDAG */ = {
			isa = PBXNativeTarget;
			buildConfigurationList = 695F76DA26C31411001DD628 /* Build configuration list for PBXNativeTarget "TilingDAG" */;
			buildPhases = (
				695F76CB26C31411001DD628 /* Headers */,
				695F76CC26C31411001DD628 /* Sources */,
				695F76CD26C31411001DD628 /* Frameworks */,
			);
			buildRules = (
			);
			dependencies = (
			);
			name = TilingDAG;
			productName = TilingDAG;
			productReference = 695F76CF26C31411001DD628 /* libTilingDAG.dylib */;
			productType = "com.apple.product-type.library.dynamic";
		};
		69C3163626C31A7D005253BF /* test */ = {
			isa = PBXNativeTarget;
			buildConfigurationList = 69C3163B26C31A7D005253BF /* Build configuration list for PBXNativeTarget "test" */;
			buildPhases = (
				69C3163326C31A7D005253BF /* Sources */,
				69C3163426C31A7D005253BF /* Frameworks */,
				69C3163526C31A7D005253BF /* CopyFiles */,
			);
			buildRules = (
			);
			dependencies = (
			);
			name = test;
			productName = test;
			productReference = 69C3163726C31A7D005253BF /* test */;
			productType = "com.apple.product-type.tool";
		};
/* End PBXNativeTarget section */

/* Begin PBXProject section */
		695F76C726C31411001DD628 /* Project object */ = {
			isa = PBXProject;
			attributes = {
				BuildIndependentTargetsInParallel = 1;
				LastUpgradeCheck = 1300;
				TargetAttributes = {
					695F76CE26C31411001DD628 = {
						CreatedOnToolsVersion = 13.0;
					};
					69C3163626C31A7D005253BF = {
						CreatedOnToolsVersion = 13.0;
					};
				};
			};
			buildConfigurationList = 695F76CA26C31411001DD628 /* Build configuration list for PBXProject "TilingDAG" */;
			compatibilityVersion = "Xcode 13.0";
			developmentRegion = en;
			hasScannedForEncodings = 0;
			knownRegions = (
				en,
				Base,
			);
			mainGroup = 695F76C626C31411001DD628;
			productRefGroup = 695F76D026C31411001DD628 /* Products */;
			projectDirPath = "";
			projectRoot = "";
			targets = (
				695F76CE26C31411001DD628 /* TilingDAG */,
				69C3163626C31A7D005253BF /* test */,
			);
		};
/* End PBXProject section */

/* Begin PBXSourcesBuildPhase section */
		695F76CC26C31411001DD628 /* Sources */ = {
			isa = PBXSourcesBuildPhase;
			buildActionMask = 2147483647;
			files = (
				6966E35B26DBD873000DB061 /* SparseTilingDAG.cpp in Sources */,
				695F76D726C31411001DD628 /* TilingDAG.cpp in Sources */,
				6966E36026DD3756000DB061 /* Tiler.cpp in Sources */,
				69C3164126C329CE005253BF /* WolframLanguageAPI.cpp in Sources */,
			);
			runOnlyForDeploymentPostprocessing = 0;
		};
		69C3163326C31A7D005253BF /* Sources */ = {
			isa = PBXSourcesBuildPhase;
			buildActionMask = 2147483647;
			files = (
				6966E35C26DBD873000DB061 /* SparseTilingDAG.cpp in Sources */,
				69C3163A26C31A7D005253BF /* main.cpp in Sources */,
				6966E36126DD3756000DB061 /* Tiler.cpp in Sources */,
				69C3163E26C31B05005253BF /* TilingDAG.cpp in Sources */,
			);
			runOnlyForDeploymentPostprocessing = 0;
		};
/* End PBXSourcesBuildPhase section */

/* Begin XCBuildConfiguration section */
		695F76D826C31411001DD628 /* Debug */ = {
			isa = XCBuildConfiguration;
			buildSettings = {
				ALWAYS_SEARCH_USER_PATHS = NO;
				CLANG_ANALYZER_NONNULL = YES;
				CLANG_ANALYZER_NUMBER_OBJECT_CONVERSION = YES_AGGRESSIVE;
				CLANG_CXX_LANGUAGE_STANDARD = "gnu++14";
				CLANG_CXX_LIBRARY = "libc++";
				CLANG_ENABLE_MODULES = YES;
				CLANG_ENABLE_OBJC_ARC = YES;
				CLANG_ENABLE_OBJC_WEAK = YES;
				CLANG_WARN_BLOCK_CAPTURE_AUTORELEASING = YES;
				CLANG_WARN_BOOL_CONVERSION = YES;
				CLANG_WARN_COMMA = YES;
				CLANG_WARN_CONSTANT_CONVERSION = YES;
				CLANG_WARN_DEPRECATED_OBJC_IMPLEMENTATIONS = YES;
				CLANG_WARN_DIRECT_OBJC_ISA_USAGE = YES_ERROR;
				CLANG_WARN_DOCUMENTATION_COMMENTS = YES;
				CLANG_WARN_EMPTY_BODY = YES;
				CLANG_WARN_ENUM_CONVERSION = YES;
				CLANG_WARN_INFINITE_RECURSION = YES;
				CLANG_WARN_INT_CONVERSION = YES;
				CLANG_WARN_NON_LITERAL_NULL_CONVERSION = YES;
				CLANG_WARN_OBJC_IMPLICIT_RETAIN_SELF = YES;
				CLANG_WARN_OBJC_LITERAL_CONVERSION = YES;
				CLANG_WARN_OBJC_ROOT_CLASS = YES_ERROR;
				CLANG_WARN_QUOTED_INCLUDE_IN_FRAMEWORK_HEADER = YES;
				CLANG_WARN_RANGE_LOOP_ANALYSIS = YES;
				CLANG_WARN_STRICT_PROTOTYPES = YES;
				CLANG_WARN_SUSPICIOUS_MOVE = YES;
				CLANG_WARN_UNGUARDED_AVAILABILITY = YES_AGGRESSIVE;
				CLANG_WARN_UNREACHABLE_CODE = YES;
				CLANG_WARN__DUPLICATE_METHOD_MATCH = YES;
				COPY_PHASE_STRIP = NO;
				DEBUG_INFORMATION_FORMAT = dwarf;
				ENABLE_STRICT_OBJC_MSGSEND = YES;
				ENABLE_TESTABILITY = YES;
				GCC_C_LANGUAGE_STANDARD = gnu11;
				GCC_DYNAMIC_NO_PIC = NO;
				GCC_NO_COMMON_BLOCKS = YES;
				GCC_OPTIMIZATION_LEVEL = 0;
				GCC_PREPROCESSOR_DEFINITIONS = (
					"DEBUG=1",
					"$(inherited)",
				);
				GCC_WARN_64_TO_32_BIT_CONVERSION = YES;
				GCC_WARN_ABOUT_RETURN_TYPE = YES_ERROR;
				GCC_WARN_UNDECLARED_SELECTOR = YES;
				GCC_WARN_UNINITIALIZED_AUTOS = YES_AGGRESSIVE;
				GCC_WARN_UNUSED_FUNCTION = YES;
				GCC_WARN_UNUSED_VARIABLE = YES;
				MACOSX_DEPLOYMENT_TARGET = 12.0;
				MTL_ENABLE_DEBUG_INFO = INCLUDE_SOURCE;
				MTL_FAST_MATH = YES;
				ONLY_ACTIVE_ARCH = YES;
				SDKROOT = macosx;
			};
			name = Debug;
		};
		695F76D926C31411001DD628 /* Release */ = {
			isa = XCBuildConfiguration;
			buildSettings = {
				ALWAYS_SEARCH_USER_PATHS = NO;
				CLANG_ANALYZER_NONNULL = YES;
				CLANG_ANALYZER_NUMBER_OBJECT_CONVERSION = YES_AGGRESSIVE;
				CLANG_CXX_LANGUAGE_STANDARD = "gnu++14";
				CLANG_CXX_LIBRARY = "libc++";
				CLANG_ENABLE_MODULES = YES;
				CLANG_ENABLE_OBJC_ARC = YES;
				CLANG_ENABLE_OBJC_WEAK = YES;
				CLANG_WARN_BLOCK_CAPTURE_AUTORELEASING = YES;
				CLANG_WARN_BOOL_CONVERSION = YES;
				CLANG_WARN_COMMA = YES;
				CLANG_WARN_CONSTANT_CONVERSION = YES;
				CLANG_WARN_DEPRECATED_OBJC_IMPLEMENTATIONS = YES;
				CLANG_WARN_DIRECT_OBJC_ISA_USAGE = YES_ERROR;
				CLANG_WARN_DOCUMENTATION_COMMENTS = YES;
				CLANG_WARN_EMPTY_BODY = YES;
				CLANG_WARN_ENUM_CONVERSION = YES;
				CLANG_WARN_INFINITE_RECURSION = YES;
				CLANG_WARN_INT_CONVERSION = YES;
				CLANG_WARN_NON_LITERAL_NULL_CONVERSION = YES;
				CLANG_WARN_OBJC_IMPLICIT_RETAIN_SELF = YES;
				CLANG_WARN_OBJC_LITERAL_CONVERSION = YES;
				CLANG_WARN_OBJC_ROOT_CLASS = YES_ERROR;
				CLANG_WARN_QUOTED_INCLUDE_IN_FRAMEWORK_HEADER = YES;
				CLANG_WARN_RANGE_LOOP_ANALYSIS = YES;
				CLANG_WARN_STRICT_PROTOTYPES = YES;
				CLANG_WARN_SUSPICIOUS_MOVE = YES;
				CLANG_WARN_UNGUARDED_AVAILABILITY = YES_AGGRESSIVE;
				CLANG_WARN_UNREACHABLE_CODE = YES;
				CLANG_WARN__DUPLICATE_METHOD_MATCH = YES;
				COPY_PHASE_STRIP = NO;
				DEBUG_INFORMATION_FORMAT = "dwarf-with-dsym";
				ENABLE_NS_ASSERTIONS = NO;
				ENABLE_STRICT_OBJC_MSGSEND = YES;
				GCC_C_LANGUAGE_STANDARD = gnu11;
				GCC_NO_COMMON_BLOCKS = YES;
				GCC_WARN_64_TO_32_BIT_CONVERSION = YES;
				GCC_WARN_ABOUT_RETURN_TYPE = YES_ERROR;
				GCC_WARN_UNDECLARED_SELECTOR = YES;
				GCC_WARN_UNINITIALIZED_AUTOS = YES_AGGRESSIVE;
				GCC_WARN_UNUSED_FUNCTION = YES;
				GCC_WARN_UNUSED_VARIABLE = YES;
				MACOSX_DEPLOYMENT_TARGET = 12.0;
				MTL_ENABLE_DEBUG_INFO = NO;
				MTL_FAST_MATH = YES;
				SDKROOT = macosx;
			};
			name = Release;
		};
		695F76DB26C31411001DD628 /* Debug */ = {
			isa = XCBuildConfiguration;
			buildSettings = {
				CODE_SIGN_STYLE = Automatic;
				DYLIB_COMPATIBILITY_VERSION = 1;
				DYLIB_CURRENT_VERSION = 1;
				EXECUTABLE_PREFIX = lib;
				GCC_ENABLE_CPP_EXCEPTIONS = YES;
				GCC_ENABLE_CPP_RTTI = YES;
				GCC_SYMBOLS_PRIVATE_EXTERN = YES;
				PRODUCT_NAME = "$(TARGET_NAME)";
				SKIP_INSTALL = YES;
			};
			name = Debug;
		};
		695F76DC26C31411001DD628 /* Release */ = {
			isa = XCBuildConfiguration;
			buildSettings = {
				CODE_SIGN_STYLE = Automatic;
				DYLIB_COMPATIBILITY_VERSION = 1;
				DYLIB_CURRENT_VERSION = 1;
				EXECUTABLE_PREFIX = lib;
				GCC_ENABLE_CPP_EXCEPTIONS = YES;
				GCC_ENABLE_CPP_RTTI = YES;
				GCC_SYMBOLS_PRIVATE_EXTERN = YES;
				PRODUCT_NAME = "$(TARGET_NAME)";
				SKIP_INSTALL = YES;
			};
			name = Release;
		};
		69C3163C26C31A7D005253BF /* Debug */ = {
			isa = XCBuildConfiguration;
			buildSettings = {
				CLANG_CXX_LANGUAGE_STANDARD = "gnu++17";
				CODE_SIGN_STYLE = Automatic;
				PRODUCT_NAME = "$(TARGET_NAME)";
			};
			name = Debug;
		};
		69C3163D26C31A7D005253BF /* Release */ = {
			isa = XCBuildConfiguration;
			buildSettings = {
				CLANG_CXX_LANGUAGE_STANDARD = "gnu++17";
				CODE_SIGN_STYLE = Automatic;
				PRODUCT_NAME = "$(TARGET_NAME)";
			};
			name = Release;
		};
/* End XCBuildConfiguration section */

/* Begin XCConfigurationList section */
		695F76CA26C31411001DD628 /* Build configuration list for PBXProject "TilingDAG" */ = {
			isa = XCConfigurationList;
			buildConfigurations = (
				695F76D826C31411001DD628 /* Debug */,
				695F76D926C31411001DD628 /* Release */,
			);
			defaultConfigurationIsVisible = 0;
			defaultConfigurationName = Release;
		};
		695F76DA26C31411001DD628 /* Build configuration list for PBXNativeTarget "TilingDAG" */ = {
			isa = XCConfigurationList;
			buildConfigurations = (
				695F76DB26C31411001DD628 /* Debug */,
				695F76DC26C31411001DD628 /* Release */,
			);
			defaultConfigurationIsVisible = 0;
			defaultConfigurationName = Release;
		};
		69C3163B26C31A7D005253BF /* Build configuration list for PBXNativeTarget "test" */ = {
			isa = XCConfigurationList;
			buildConfigurations = (
				69C3163C26C31A7D005253BF /* Debug */,
				69C3163D26C31A7D005253BF /* Release */,
			);
			defaultConfigurationIsVisible = 0;
			defaultConfigurationName = Release;
		};
/* End XCConfigurationList section */
	};
	rootObject = 695F76C726C31411001DD628 /* Project object */;
}
